
Microsoft Visual Studio Solution File, Format Version 12.00
Project("{2150E333-8FDC-42A3-9474-1A3956D46DE8}") = "Cross", "Cross", "{BD5D65C5-8C68-4AC2-9472-C278541DA4A4}"
EndProject
Project("{2150E333-8FDC-42A3-9474-1A3956D46DE8}") = "Projects", "Projects", "{33DA009D-AC4D-400A-9BDF-D6CDB6189534}"
EndProject
Project("{2150E333-8FDC-42A3-9474-1A3956D46DE8}") = "Gateway", "Gateway", "{A79B4128-FC48-4DA9-95AF-A0B1A8249C03}"
EndProject
Project("{2150E333-8FDC-42A3-9474-1A3956D46DE8}") = "Microservices", "Microservices", "{73F25F06-5906-49BD-B4C8-4998F6975489}"
EndProject
Project("{2150E333-8FDC-42A3-9474-1A3956D46DE8}") = "Account", "Account", "{A41F9E4E-02E8-41D5-904A-BAC89C28413D}"
EndProject
Project("{2150E333-8FDC-42A3-9474-1A3956D46DE8}") = "Security", "Security", "{94D698CA-6E58-42B0-BB80-667CA5EE284B}"
EndProject
Project("{2150E333-8FDC-42A3-9474-1A3956D46DE8}") = "Deposit", "Deposit", "{58F88F77-1CEE-44A4-A2DD-C3D01E7C5BCC}"
EndProject
Project("{2150E333-8FDC-42A3-9474-1A3956D46DE8}") = "Withdrawal", "Withdrawal", "{44659389-066B-48C2-87A6-1DD870021596}"
EndProject
Project("{2150E333-8FDC-42A3-9474-1A3956D46DE8}") = "History", "History", "{BE8EDEFD-CF6F-44F4-8B7A-1B079FDD9B0F}"
EndProject
Project("{2150E333-8FDC-42A3-9474-1A3956D46DE8}") = "Notification", "Notification", "{50C79932-4AD3-40B5-BE96-1B478AEA8DEB}"
EndProject
Project("{FAE04EC0-301F-11D3-BF4B-00C04F79EFBC}") = "MS.AFORO255.Security", "MS.AFORO255.Security\MS.AFORO255.Security.csproj", "{2D3107DF-2349-42A6-A5F1-1FDA90A8099D}"
EndProject
Project("{FAE04EC0-301F-11D3-BF4B-00C04F79EFBC}") = "MS.AFORO255.Cross.Jwt", "MS.AFORO255.Cross.Jwt\MS.AFORO255.Cross.Jwt.csproj", "{8C807B83-3265-48E0-AC3F-D69E962436E0}"
EndProject
Project("{FAE04EC0-301F-11D3-BF4B-00C04F79EFBC}") = "MS.AFORO255.Account", "MS.AFORO255.Account\MS.AFORO255.Account.csproj", "{7791EBC7-98C9-43C3-B841-00B7A9709934}"
EndProject
Project("{FAE04EC0-301F-11D3-BF4B-00C04F79EFBC}") = "MS.AFORO255.Deposit", "MS.AFORO255.Deposit\MS.AFORO255.Deposit.csproj", "{B3923A55-9093-4BC8-8EC8-AD6D1ED2A407}"
EndProject
Project("{FAE04EC0-301F-11D3-BF4B-00C04F79EFBC}") = "MS.AFORO255.Withdrawal", "MS.AFORO255.Withdrawal\MS.AFORO255.Withdrawal.csproj", "{08CC1816-F056-422C-B73F-E5EE7ED28644}"
EndProject
Project("{FAE04EC0-301F-11D3-BF4B-00C04F79EFBC}") = "MS.AFORO255.History", "MS.AFORO255.History\MS.AFORO255.History.csproj", "{4C55597A-7590-4B55-9725-7C3FE95C6DDD}"
EndProject
Project("{FAE04EC0-301F-11D3-BF4B-00C04F79EFBC}") = "MS.AFORO255.Notification", "MS.AFORO255.Notification\MS.AFORO255.Notification.csproj", "{0066DACB-7B49-4155-B089-9642AC614999}"
EndProject
Global
	GlobalSection(SolutionConfigurationPlatforms) = preSolution
		Debug|Any CPU = Debug|Any CPU
		Release|Any CPU = Release|Any CPU
	EndGlobalSection
	GlobalSection(NestedProjects) = preSolution
		{A79B4128-FC48-4DA9-95AF-A0B1A8249C03} = {33DA009D-AC4D-400A-9BDF-D6CDB6189534}
		{73F25F06-5906-49BD-B4C8-4998F6975489} = {33DA009D-AC4D-400A-9BDF-D6CDB6189534}
		{A41F9E4E-02E8-41D5-904A-BAC89C28413D} = {73F25F06-5906-49BD-B4C8-4998F6975489}
		{94D698CA-6E58-42B0-BB80-667CA5EE284B} = {73F25F06-5906-49BD-B4C8-4998F6975489}
		{58F88F77-1CEE-44A4-A2DD-C3D01E7C5BCC} = {73F25F06-5906-49BD-B4C8-4998F6975489}
		{44659389-066B-48C2-87A6-1DD870021596} = {73F25F06-5906-49BD-B4C8-4998F6975489}
		{BE8EDEFD-CF6F-44F4-8B7A-1B079FDD9B0F} = {73F25F06-5906-49BD-B4C8-4998F6975489}
		{50C79932-4AD3-40B5-BE96-1B478AEA8DEB} = {73F25F06-5906-49BD-B4C8-4998F6975489}
		{2D3107DF-2349-42A6-A5F1-1FDA90A8099D} = {94D698CA-6E58-42B0-BB80-667CA5EE284B}
		{8C807B83-3265-48E0-AC3F-D69E962436E0} = {BD5D65C5-8C68-4AC2-9472-C278541DA4A4}
		{7791EBC7-98C9-43C3-B841-00B7A9709934} = {A41F9E4E-02E8-41D5-904A-BAC89C28413D}
		{B3923A55-9093-4BC8-8EC8-AD6D1ED2A407} = {58F88F77-1CEE-44A4-A2DD-C3D01E7C5BCC}
		{08CC1816-F056-422C-B73F-E5EE7ED28644} = {44659389-066B-48C2-87A6-1DD870021596}
		{4C55597A-7590-4B55-9725-7C3FE95C6DDD} = {BE8EDEFD-CF6F-44F4-8B7A-1B079FDD9B0F}
		{0066DACB-7B49-4155-B089-9642AC614999} = {50C79932-4AD3-40B5-BE96-1B478AEA8DEB}
	EndGlobalSection
	GlobalSection(ProjectConfigurationPlatforms) = postSolution
		{2D3107DF-2349-42A6-A5F1-1FDA90A8099D}.Debug|Any CPU.ActiveCfg = Debug|Any CPU
		{2D3107DF-2349-42A6-A5F1-1FDA90A8099D}.Debug|Any CPU.Build.0 = Debug|Any CPU
		{2D3107DF-2349-42A6-A5F1-1FDA90A8099D}.Release|Any CPU.ActiveCfg = Release|Any CPU
		{2D3107DF-2349-42A6-A5F1-1FDA90A8099D}.Release|Any CPU.Build.0 = Release|Any CPU
		{8C807B83-3265-48E0-AC3F-D69E962436E0}.Debug|Any CPU.ActiveCfg = Debug|Any CPU
		{8C807B83-3265-48E0-AC3F-D69E962436E0}.Debug|Any CPU.Build.0 = Debug|Any CPU
		{8C807B83-3265-48E0-AC3F-D69E962436E0}.Release|Any CPU.ActiveCfg = Release|Any CPU
		{8C807B83-3265-48E0-AC3F-D69E962436E0}.Release|Any CPU.Build.0 = Release|Any CPU
		{7791EBC7-98C9-43C3-B841-00B7A9709934}.Debug|Any CPU.ActiveCfg = Debug|Any CPU
		{7791EBC7-98C9-43C3-B841-00B7A9709934}.Debug|Any CPU.Build.0 = Debug|Any CPU
		{7791EBC7-98C9-43C3-B841-00B7A9709934}.Release|Any CPU.ActiveCfg = Release|Any CPU
		{7791EBC7-98C9-43C3-B841-00B7A9709934}.Release|Any CPU.Build.0 = Release|Any CPU
		{B3923A55-9093-4BC8-8EC8-AD6D1ED2A407}.Debug|Any CPU.ActiveCfg = Debug|Any CPU
		{B3923A55-9093-4BC8-8EC8-AD6D1ED2A407}.Debug|Any CPU.Build.0 = Debug|Any CPU
		{B3923A55-9093-4BC8-8EC8-AD6D1ED2A407}.Release|Any CPU.ActiveCfg = Release|Any CPU
		{B3923A55-9093-4BC8-8EC8-AD6D1ED2A407}.Release|Any CPU.Build.0 = Release|Any CPU
		{08CC1816-F056-422C-B73F-E5EE7ED28644}.Debug|Any CPU.ActiveCfg = Debug|Any CPU
		{08CC1816-F056-422C-B73F-E5EE7ED28644}.Debug|Any CPU.Build.0 = Debug|Any CPU
		{08CC1816-F056-422C-B73F-E5EE7ED28644}.Release|Any CPU.ActiveCfg = Release|Any CPU
		{08CC1816-F056-422C-B73F-E5EE7ED28644}.Release|Any CPU.Build.0 = Release|Any CPU
		{4C55597A-7590-4B55-9725-7C3FE95C6DDD}.Debug|Any CPU.ActiveCfg = Debug|Any CPU
		{4C55597A-7590-4B55-9725-7C3FE95C6DDD}.Debug|Any CPU.Build.0 = Debug|Any CPU
		{4C55597A-7590-4B55-9725-7C3FE95C6DDD}.Release|Any CPU.ActiveCfg = Release|Any CPU
		{4C55597A-7590-4B55-9725-7C3FE95C6DDD}.Release|Any CPU.Build.0 = Release|Any CPU
		{0066DACB-7B49-4155-B089-9642AC614999}.Debug|Any CPU.ActiveCfg = Debug|Any CPU
		{0066DACB-7B49-4155-B089-9642AC614999}.Debug|Any CPU.Build.0 = Debug|Any CPU
		{0066DACB-7B49-4155-B089-9642AC614999}.Release|Any CPU.ActiveCfg = Release|Any CPU
		{0066DACB-7B49-4155-B089-9642AC614999}.Release|Any CPU.Build.0 = Release|Any CPU
	EndGlobalSection
EndGlobal
